
Microsoft Visual Studio Solution File, Format Version 12.00
# Visual Studio Version 17
VisualStudioVersion = 17.0.31903.59
MinimumVisualStudioVersion = 10.0.40219.1
Project("{2150E333-8FDC-42A3-9474-1A3956D46DE8}") = "src", "src", "{827E0CD3-B72D-47B6-A68D-7590B98EB39B}"
EndProject
Project("{FAE04EC0-301F-11D3-BF4B-00C04F79EFBC}") = "PaL.X.App", "src\PaL.X.App\PaL.X.App.csproj", "{B6B7B5DE-2C09-40A0-B204-3DB39A335042}"
EndProject
Project("{FAE04EC0-301F-11D3-BF4B-00C04F79EFBC}") = "PaL.X.Core", "src\PaL.X.Core\PaL.X.Core.csproj", "{439FFE6D-82FD-4910-B91C-63AFF136A048}"
EndProject
Project("{FAE04EC0-301F-11D3-BF4B-00C04F79EFBC}") = "PaL.X.Shared", "src\PaL.X.Shared\PaL.X.Shared.csproj", "{74EA80E4-F32A-453D-B00F-6EFA45EE3130}"
EndProject
Project("{FAE04EC0-301F-11D3-BF4B-00C04F79EFBC}") = "PaL.X.Data", "src\PaL.X.Data\PaL.X.Data.csproj", "{094D7014-A722-47AA-8083-A63D1297687A}"
EndProject
Project("{FAE04EC0-301F-11D3-BF4B-00C04F79EFBC}") = "PaL.X.Admin", "src\PaL.X.Admin\PaL.X.Admin.csproj", "{6531AE4E-85CB-4C8F-9759-87961396CE02}"
EndProject
Project("{FAE04EC0-301F-11D3-BF4B-00C04F79EFBC}") = "PaL.X.Server", "src\PaL.X.Server\PaL.X.Server.csproj", "{3C66D365-E6D3-4BDD-93AF-933CCD7127EB}"
EndProject
Global
	GlobalSection(SolutionConfigurationPlatforms) = preSolution
		Debug|Any CPU = Debug|Any CPU
		Debug|x64 = Debug|x64
		Debug|x86 = Debug|x86
		Release|Any CPU = Release|Any CPU
		Release|x64 = Release|x64
		Release|x86 = Release|x86
	EndGlobalSection
	GlobalSection(ProjectConfigurationPlatforms) = postSolution
		{B6B7B5DE-2C09-40A0-B204-3DB39A335042}.Debug|Any CPU.ActiveCfg = Debug|Any CPU
		{B6B7B5DE-2C09-40A0-B204-3DB39A335042}.Debug|Any CPU.Build.0 = Debug|Any CPU
		{B6B7B5DE-2C09-40A0-B204-3DB39A335042}.Debug|x64.ActiveCfg = Debug|Any CPU
		{B6B7B5DE-2C09-40A0-B204-3DB39A335042}.Debug|x64.Build.0 = Debug|Any CPU
		{B6B7B5DE-2C09-40A0-B204-3DB39A335042}.Debug|x86.ActiveCfg = Debug|Any CPU
		{B6B7B5DE-2C09-40A0-B204-3DB39A335042}.Debug|x86.Build.0 = Debug|Any CPU
		{B6B7B5DE-2C09-40A0-B204-3DB39A335042}.Release|Any CPU.ActiveCfg = Release|Any CPU
		{B6B7B5DE-2C09-40A0-B204-3DB39A335042}.Release|Any CPU.Build.0 = Release|Any CPU
		{B6B7B5DE-2C09-40A0-B204-3DB39A335042}.Release|x64.ActiveCfg = Release|Any CPU
		{B6B7B5DE-2C09-40A0-B204-3DB39A335042}.Release|x64.Build.0 = Release|Any CPU
		{B6B7B5DE-2C09-40A0-B204-3DB39A335042}.Release|x86.ActiveCfg = Release|Any CPU
		{B6B7B5DE-2C09-40A0-B204-3DB39A335042}.Release|x86.Build.0 = Release|Any CPU
		{439FFE6D-82FD-4910-B91C-63AFF136A048}.Debug|Any CPU.ActiveCfg = Debug|Any CPU
		{439FFE6D-82FD-4910-B91C-63AFF136A048}.Debug|Any CPU.Build.0 = Debug|Any CPU
		{439FFE6D-82FD-4910-B91C-63AFF136A048}.Debug|x64.ActiveCfg = Debug|Any CPU
		{439FFE6D-82FD-4910-B91C-63AFF136A048}.Debug|x64.Build.0 = Debug|Any CPU
		{439FFE6D-82FD-4910-B91C-63AFF136A048}.Debug|x86.ActiveCfg = Debug|Any CPU
		{439FFE6D-82FD-4910-B91C-63AFF136A048}.Debug|x86.Build.0 = Debug|Any CPU
		{439FFE6D-82FD-4910-B91C-63AFF136A048}.Release|Any CPU.ActiveCfg = Release|Any CPU
		{439FFE6D-82FD-4910-B91C-63AFF136A048}.Release|Any CPU.Build.0 = Release|Any CPU
		{439FFE6D-82FD-4910-B91C-63AFF136A048}.Release|x64.ActiveCfg = Release|Any CPU
		{439FFE6D-82FD-4910-B91C-63AFF136A048}.Release|x64.Build.0 = Release|Any CPU
		{439FFE6D-82FD-4910-B91C-63AFF136A048}.Release|x86.ActiveCfg = Release|Any CPU
		{439FFE6D-82FD-4910-B91C-63AFF136A048}.Release|x86.Build.0 = Release|Any CPU
		{74EA80E4-F32A-453D-B00F-6EFA45EE3130}.Debug|Any CPU.ActiveCfg = Debug|Any CPU
		{74EA80E4-F32A-453D-B00F-6EFA45EE3130}.Debug|Any CPU.Build.0 = Debug|Any CPU
		{74EA80E4-F32A-453D-B00F-6EFA45EE3130}.Debug|x64.ActiveCfg = Debug|Any CPU
		{74EA80E4-F32A-453D-B00F-6EFA45EE3130}.Debug|x64.Build.0 = Debug|Any CPU
		{74EA80E4-F32A-453D-B00F-6EFA45EE3130}.Debug|x86.ActiveCfg = Debug|Any CPU
		{74EA80E4-F32A-453D-B00F-6EFA45EE3130}.Debug|x86.Build.0 = Debug|Any CPU
		{74EA80E4-F32A-453D-B00F-6EFA45EE3130}.Release|Any CPU.ActiveCfg = Release|Any CPU
		{74EA80E4-F32A-453D-B00F-6EFA45EE3130}.Release|Any CPU.Build.0 = Release|Any CPU
		{74EA80E4-F32A-453D-B00F-6EFA45EE3130}.Release|x64.ActiveCfg = Release|Any CPU
		{74EA80E4-F32A-453D-B00F-6EFA45EE3130}.Release|x64.Build.0 = Release|Any CPU
		{74EA80E4-F32A-453D-B00F-6EFA45EE3130}.Release|x86.ActiveCfg = Release|Any CPU
		{74EA80E4-F32A-453D-B00F-6EFA45EE3130}.Release|x86.Build.0 = Release|Any CPU
		{094D7014-A722-47AA-8083-A63D1297687A}.Debug|Any CPU.ActiveCfg = Debug|Any CPU
		{094D7014-A722-47AA-8083-A63D1297687A}.Debug|Any CPU.Build.0 = Debug|Any CPU
		{094D7014-A722-47AA-8083-A63D1297687A}.Debug|x64.ActiveCfg = Debug|Any CPU
		{094D7014-A722-47AA-8083-A63D1297687A}.Debug|x64.Build.0 = Debug|Any CPU
		{094D7014-A722-47AA-8083-A63D1297687A}.Debug|x86.ActiveCfg = Debug|Any CPU
		{094D7014-A722-47AA-8083-A63D1297687A}.Debug|x86.Build.0 = Debug|Any CPU
		{094D7014-A722-47AA-8083-A63D1297687A}.Release|Any CPU.ActiveCfg = Release|Any CPU
		{094D7014-A722-47AA-8083-A63D1297687A}.Release|Any CPU.Build.0 = Release|Any CPU
		{094D7014-A722-47AA-8083-A63D1297687A}.Release|x64.ActiveCfg = Release|Any CPU
		{094D7014-A722-47AA-8083-A63D1297687A}.Release|x64.Build.0 = Release|Any CPU
		{094D7014-A722-47AA-8083-A63D1297687A}.Release|x86.ActiveCfg = Release|Any CPU
		{094D7014-A722-47AA-8083-A63D1297687A}.Release|x86.Build.0 = Release|Any CPU
		{6531AE4E-85CB-4C8F-9759-87961396CE02}.Debug|Any CPU.ActiveCfg = Debug|Any CPU
		{6531AE4E-85CB-4C8F-9759-87961396CE02}.Debug|Any CPU.Build.0 = Debug|Any CPU
		{6531AE4E-85CB-4C8F-9759-87961396CE02}.Debug|x64.ActiveCfg = Debug|Any CPU
		{6531AE4E-85CB-4C8F-9759-87961396CE02}.Debug|x64.Build.0 = Debug|Any CPU
		{6531AE4E-85CB-4C8F-9759-87961396CE02}.Debug|x86.ActiveCfg = Debug|Any CPU
		{6531AE4E-85CB-4C8F-9759-87961396CE02}.Debug|x86.Build.0 = Debug|Any CPU
		{6531AE4E-85CB-4C8F-9759-87961396CE02}.Release|Any CPU.ActiveCfg = Release|Any CPU
		{6531AE4E-85CB-4C8F-9759-87961396CE02}.Release|Any CPU.Build.0 = Release|Any CPU
		{6531AE4E-85CB-4C8F-9759-87961396CE02}.Release|x64.ActiveCfg = Release|Any CPU
		{6531AE4E-85CB-4C8F-9759-87961396CE02}.Release|x64.Build.0 = Release|Any CPU
		{6531AE4E-85CB-4C8F-9759-87961396CE02}.Release|x86.ActiveCfg = Release|Any CPU
		{6531AE4E-85CB-4C8F-9759-87961396CE02}.Release|x86.Build.0 = Release|Any CPU
		{3C66D365-E6D3-4BDD-93AF-933CCD7127EB}.Debug|Any CPU.ActiveCfg = Debug|Any CPU
		{3C66D365-E6D3-4BDD-93AF-933CCD7127EB}.Debug|Any CPU.Build.0 = Debug|Any CPU
		{3C66D365-E6D3-4BDD-93AF-933CCD7127EB}.Debug|x64.ActiveCfg = Debug|Any CPU
		{3C66D365-E6D3-4BDD-93AF-933CCD7127EB}.Debug|x64.Build.0 = Debug|Any CPU
		{3C66D365-E6D3-4BDD-93AF-933CCD7127EB}.Debug|x86.ActiveCfg = Debug|Any CPU
		{3C66D365-E6D3-4BDD-93AF-933CCD7127EB}.Debug|x86.Build.0 = Debug|Any CPU
		{3C66D365-E6D3-4BDD-93AF-933CCD7127EB}.Release|Any CPU.ActiveCfg = Release|Any CPU
		{3C66D365-E6D3-4BDD-93AF-933CCD7127EB}.Release|Any CPU.Build.0 = Release|Any CPU
		{3C66D365-E6D3-4BDD-93AF-933CCD7127EB}.Release|x64.ActiveCfg = Release|Any CPU
		{3C66D365-E6D3-4BDD-93AF-933CCD7127EB}.Release|x64.Build.0 = Release|Any CPU
		{3C66D365-E6D3-4BDD-93AF-933CCD7127EB}.Release|x86.ActiveCfg = Release|Any CPU
		{3C66D365-E6D3-4BDD-93AF-933CCD7127EB}.Release|x86.Build.0 = Release|Any CPU
	EndGlobalSection
	GlobalSection(SolutionProperties) = preSolution
		HideSolutionNode = FALSE
	EndGlobalSection
	GlobalSection(NestedProjects) = preSolution
		{B6B7B5DE-2C09-40A0-B204-3DB39A335042} = {827E0CD3-B72D-47B6-A68D-7590B98EB39B}
		{439FFE6D-82FD-4910-B91C-63AFF136A048} = {827E0CD3-B72D-47B6-A68D-7590B98EB39B}
		{74EA80E4-F32A-453D-B00F-6EFA45EE3130} = {827E0CD3-B72D-47B6-A68D-7590B98EB39B}
		{094D7014-A722-47AA-8083-A63D1297687A} = {827E0CD3-B72D-47B6-A68D-7590B98EB39B}
		{6531AE4E-85CB-4C8F-9759-87961396CE02} = {827E0CD3-B72D-47B6-A68D-7590B98EB39B}
		{3C66D365-E6D3-4BDD-93AF-933CCD7127EB} = {827E0CD3-B72D-47B6-A68D-7590B98EB39B}
	EndGlobalSection
EndGlobal
